
Microsoft Visual Studio Solution File, Format Version 12.00
# Visual Studio Version 17
VisualStudioVersion = 17.13.35913.81
MinimumVisualStudioVersion = 10.0.40219.1
Project("{FAE04EC0-301F-11D3-BF4B-00C04F79EFBC}") = "NetChallenge", "NetChallenge.csproj", "{D0A42713-6B72-4FC9-B9F2-84F363DC629E}"
EndProject
Project("{FAE04EC0-301F-11D3-BF4B-00C04F79EFBC}") = "NetChallenge.Test", "..\NetChallenge.Test\NetChallenge.Test.csproj", "{F1AF5E2E-20A7-E824-BF2F-5390F368F325}"
EndProject
Global
	GlobalSection(SolutionConfigurationPlatforms) = preSolution
		Debug|Any CPU = Debug|Any CPU
		Release|Any CPU = Release|Any CPU
	EndGlobalSection
	GlobalSection(ProjectConfigurationPlatforms) = postSolution
		{D0A42713-6B72-4FC9-B9F2-84F363DC629E}.Debug|Any CPU.ActiveCfg = Debug|Any CPU
		{D0A42713-6B72-4FC9-B9F2-84F363DC629E}.Debug|Any CPU.Build.0 = Debug|Any CPU
		{D0A42713-6B72-4FC9-B9F2-84F363DC629E}.Release|Any CPU.ActiveCfg = Release|Any CPU
		{D0A42713-6B72-4FC9-B9F2-84F363DC629E}.Release|Any CPU.Build.0 = Release|Any CPU
		{F1AF5E2E-20A7-E824-BF2F-5390F368F325}.Debug|Any CPU.ActiveCfg = Debug|Any CPU
		{F1AF5E2E-20A7-E824-BF2F-5390F368F325}.Debug|Any CPU.Build.0 = Debug|Any CPU
		{F1AF5E2E-20A7-E824-BF2F-5390F368F325}.Release|Any CPU.ActiveCfg = Release|Any CPU
		{F1AF5E2E-20A7-E824-BF2F-5390F368F325}.Release|Any CPU.Build.0 = Release|Any CPU
	EndGlobalSection
	GlobalSection(SolutionProperties) = preSolution
		HideSolutionNode = FALSE
	EndGlobalSection
	GlobalSection(ExtensibilityGlobals) = postSolution
		SolutionGuid = {7928A35B-C38E-4056-BA00-47025DE16A09}
	EndGlobalSection
EndGlobal
